
Microsoft Visual Studio Solution File, Format Version 12.00
# Visual Studio Version 16
VisualStudioVersion = 16.0.29613.14
MinimumVisualStudioVersion = 10.0.40219.1
Project("{FAE04EC0-301F-11D3-BF4B-00C04F79EFBC}") = "GitHubConsole", "GitHubConsole\GitHubConsole.csproj", "{4D111A60-BCC3-458D-86D4-9F9428D6867B}"
EndProject
Project("{9A19103F-16F7-4668-BE54-9A1E7A4F7556}") = "CommandLineParsing", "CommandLineParsing\CommandLineParsing\CommandLineParsing.csproj", "{66F2E18F-D624-4FBF-82C1-B9FDEB57ED43}"
EndProject
Global
	GlobalSection(SolutionConfigurationPlatforms) = preSolution
		Debug|Any CPU = Debug|Any CPU
		Release|Any CPU = Release|Any CPU
	EndGlobalSection
	GlobalSection(ProjectConfigurationPlatforms) = postSolution
		{4D111A60-BCC3-458D-86D4-9F9428D6867B}.Debug|Any CPU.ActiveCfg = Debug|Any CPU
		{4D111A60-BCC3-458D-86D4-9F9428D6867B}.Debug|Any CPU.Build.0 = Debug|Any CPU
		{4D111A60-BCC3-458D-86D4-9F9428D6867B}.Release|Any CPU.ActiveCfg = Release|Any CPU
		{4D111A60-BCC3-458D-86D4-9F9428D6867B}.Release|Any CPU.Build.0 = Release|Any CPU
		{66F2E18F-D624-4FBF-82C1-B9FDEB57ED43}.Debug|Any CPU.ActiveCfg = Debug|Any CPU
		{66F2E18F-D624-4FBF-82C1-B9FDEB57ED43}.Debug|Any CPU.Build.0 = Debug|Any CPU
		{66F2E18F-D624-4FBF-82C1-B9FDEB57ED43}.Release|Any CPU.ActiveCfg = Release|Any CPU
		{66F2E18F-D624-4FBF-82C1-B9FDEB57ED43}.Release|Any CPU.Build.0 = Release|Any CPU
	EndGlobalSection
	GlobalSection(SolutionProperties) = preSolution
		HideSolutionNode = FALSE
	EndGlobalSection
	GlobalSection(ExtensibilityGlobals) = postSolution
		SolutionGuid = {B2BC46B3-8F91-4540-95E7-4D7C4299F391}
	EndGlobalSection
EndGlobal
